# This file is automatically @generated by Cargo.
# It is not intended for manual editing.
version = 4

[[package]]
name = "sora-cli"
version = "0.1.0"

[[package]]
name = "sora-codegen"
version = "0.1.0"

[[package]]
name = "sora-core"
version = "0.1.0"

[[package]]
name = "sora-data"
version = "0.1.0"

[[package]]
name = "sora-diagnostics"
version = "0.1.0"

[[package]]
name = "sora-excel"
version = "0.1.0"

[[package]]
name = "sora-export"
version = "0.1.0"

[[package]]
name = "sora-ir"
version = "0.1.0"

[[package]]
name = "sora-schema"
version = "0.1.0"

[[package]]
name = "sora-templates"
version = "0.1.0"
